
Microsoft Visual Studio Solution File, Format Version 12.00
# Visual Studio 15
VisualStudioVersion = 15.0.28307.168
MinimumVisualStudioVersion = 10.0.40219.1
Project("{FAE04EC0-301F-11D3-BF4B-00C04F79EFBC}") = "DesignPatterns", "DesignPatterns\DesignPatterns.csproj", "{32A175A9-D9C5-450C-8894-0BD7D1B19FED}"
EndProject
Project("{FAE04EC0-301F-11D3-BF4B-00C04F79EFBC}") = "Tests", "Tests\Tests.csproj", "{31A5FDD9-8A5C-47A6-97B5-3A1695A26F26}"
EndProject
Global
	GlobalSection(SolutionConfigurationPlatforms) = preSolution
		Debug|Any CPU = Debug|Any CPU
		Release|Any CPU = Release|Any CPU
	EndGlobalSection
	GlobalSection(ProjectConfigurationPlatforms) = postSolution
		{32A175A9-D9C5-450C-8894-0BD7D1B19FED}.Debug|Any CPU.ActiveCfg = Debug|Any CPU
		{32A175A9-D9C5-450C-8894-0BD7D1B19FED}.Debug|Any CPU.Build.0 = Debug|Any CPU
		{32A175A9-D9C5-450C-8894-0BD7D1B19FED}.Release|Any CPU.ActiveCfg = Release|Any CPU
		{32A175A9-D9C5-450C-8894-0BD7D1B19FED}.Release|Any CPU.Build.0 = Release|Any CPU
		{31A5FDD9-8A5C-47A6-97B5-3A1695A26F26}.Debug|Any CPU.ActiveCfg = Debug|Any CPU
		{31A5FDD9-8A5C-47A6-97B5-3A1695A26F26}.Debug|Any CPU.Build.0 = Debug|Any CPU
		{31A5FDD9-8A5C-47A6-97B5-3A1695A26F26}.Release|Any CPU.ActiveCfg = Release|Any CPU
		{31A5FDD9-8A5C-47A6-97B5-3A1695A26F26}.Release|Any CPU.Build.0 = Release|Any CPU
	EndGlobalSection
	GlobalSection(SolutionProperties) = preSolution
		HideSolutionNode = FALSE
	EndGlobalSection
	GlobalSection(ExtensibilityGlobals) = postSolution
		SolutionGuid = {A2027185-13B4-4D35-A959-12BEA152413A}
	EndGlobalSection
EndGlobal
